
Microsoft Visual Studio Solution File, Format Version 12.00
# Visual Studio 15
VisualStudioVersion = 15.0.27130.2027
MinimumVisualStudioVersion = 10.0.40219.1
Project("{F184B08F-C81C-45F6-A57F-5ABD9991F28F}") = "database", "database\database.vbproj", "{241855B0-C17D-487F-B968-2BB5EC6C125B}"
EndProject
Global
	GlobalSection(SolutionConfigurationPlatforms) = preSolution
		Debug|Any CPU = Debug|Any CPU
		Release|Any CPU = Release|Any CPU
	EndGlobalSection
	GlobalSection(ProjectConfigurationPlatforms) = postSolution
		{241855B0-C17D-487F-B968-2BB5EC6C125B}.Debug|Any CPU.ActiveCfg = Debug|Any CPU
		{241855B0-C17D-487F-B968-2BB5EC6C125B}.Debug|Any CPU.Build.0 = Debug|Any CPU
		{241855B0-C17D-487F-B968-2BB5EC6C125B}.Release|Any CPU.ActiveCfg = Release|Any CPU
		{241855B0-C17D-487F-B968-2BB5EC6C125B}.Release|Any CPU.Build.0 = Release|Any CPU
	EndGlobalSection
	GlobalSection(SolutionProperties) = preSolution
		HideSolutionNode = FALSE
	EndGlobalSection
	GlobalSection(ExtensibilityGlobals) = postSolution
		SolutionGuid = {A36E662B-1A26-4C6A-9A1B-76A6B86F5642}
	EndGlobalSection
EndGlobal
