
Microsoft Visual Studio Solution File, Format Version 12.00
# Visual Studio 15
VisualStudioVersion = 15.0.27130.2027
MinimumVisualStudioVersion = 10.0.40219.1
Project("{8BC9CEB8-8B4A-11D0-8D11-00A0C91BC942}") = "Multithreaded", "Multithreaded\Multithreaded.vcxproj", "{DE369875-095D-4D2D-8FC6-6935B2EA71E2}"
EndProject
Global
	GlobalSection(SolutionConfigurationPlatforms) = preSolution
		Debug|x64 = Debug|x64
		Debug|x86 = Debug|x86
		Release|x64 = Release|x64
		Release|x86 = Release|x86
	EndGlobalSection
	GlobalSection(ProjectConfigurationPlatforms) = postSolution
		{DE369875-095D-4D2D-8FC6-6935B2EA71E2}.Debug|x64.ActiveCfg = Debug|x64
		{DE369875-095D-4D2D-8FC6-6935B2EA71E2}.Debug|x64.Build.0 = Debug|x64
		{DE369875-095D-4D2D-8FC6-6935B2EA71E2}.Debug|x86.ActiveCfg = Debug|Win32
		{DE369875-095D-4D2D-8FC6-6935B2EA71E2}.Debug|x86.Build.0 = Debug|Win32
		{DE369875-095D-4D2D-8FC6-6935B2EA71E2}.Release|x64.ActiveCfg = Release|x64
		{DE369875-095D-4D2D-8FC6-6935B2EA71E2}.Release|x64.Build.0 = Release|x64
		{DE369875-095D-4D2D-8FC6-6935B2EA71E2}.Release|x86.ActiveCfg = Release|Win32
		{DE369875-095D-4D2D-8FC6-6935B2EA71E2}.Release|x86.Build.0 = Release|Win32
	EndGlobalSection
	GlobalSection(SolutionProperties) = preSolution
		HideSolutionNode = FALSE
	EndGlobalSection
	GlobalSection(ExtensibilityGlobals) = postSolution
		SolutionGuid = {89DC34CC-452C-4843-8D76-F9CFA2EB1CFB}
	EndGlobalSection
EndGlobal
